{
  "name": "helloworld",
  "version": "1.0.0",
  "lockfileVersion": 3,
  "requires": true,
  "packages": {
    "": {
      "name": "helloworld",
      "version": "1.0.0",
      "license": "GPL-3.0",
      "dependencies": {
        "@tvmsdk/core": "^2",
        "@tvmsdk/lib-node": "^2",
        "dotenv": "^16.4.5"
      }
    },
    "node_modules/@tvmsdk/core": {
      "version": "2.0.1",
      "resolved": "https://registry.npmjs.org/@tvmsdk/core/-/core-2.0.1.tgz",
      "integrity": "sha512-dO9Xd4du6pDUQOXZRwfayh+Lnz9FxC8kDaEnGZiaufyLHHzvQZG831SdOkAjNdRw2hB74WzQtsk5BPLU9a7eXQ==",
      "engines": {
        "node": ">=6"
      }
    },
    "node_modules/@tvmsdk/lib-node": {
      "version": "2.0.1",
      "resolved": "https://registry.npmjs.org/@tvmsdk/lib-node/-/lib-node-2.0.1.tgz",
      "integrity": "sha512-IW/SRB92ByDJ7CpJjwO1ziOdpgM8bL0BAG4YB78oos3nl33GdKTkRL6NjyH7UQkOaIBfuc/jwbjulRnskWKVcg==",
      "engines": {
        "node": ">=6"
      }
    },
    "node_modules/dotenv": {
      "version": "16.4.5",
      "resolved": "https://registry.npmjs.org/dotenv/-/dotenv-16.4.5.tgz",
      "integrity": "sha512-ZmdL2rui+eB2YwhsWzjInR8LldtZHGDoQ1ugH85ppHKwpUHL7j7rN0Ti9NCnGiQbhaZ11FpR+7ao1dNsmduNUg==",
      "engines": {
        "node": ">=12"
      },
      "funding": {
        "url": "https://dotenvx.com"
      }
    }
  }
}
