{
  "name": "helloworld",
  "version": "1.0.0",
  "lockfileVersion": 3,
  "requires": true,
  "packages": {
    "": {
      "name": "helloworld",
      "version": "1.0.0",
      "license": "GPL-3.0",
      "dependencies": {
        "@tvmsdk/core": "^2",
        "@tvmsdk/lib-node": "^2",
        "dotenv": "^16.4.5"
      }
    },
    "node_modules/@tvmsdk/core": {
      "version": "2.0.2",
      "resolved": "https://registry.npmjs.org/@tvmsdk/core/-/core-2.0.2.tgz",
      "integrity": "sha512-DKeVWP3RYEMRJJ1LXDPQVAUgZflZLvLQQwX6G6MMCndV2sW5UoQdrQ3HFITYXeyrO1Y/rCz6nqpe2OFX5jijgg==",
      "engines": {
        "node": ">=6"
      }
    },
    "node_modules/@tvmsdk/lib-node": {
      "version": "2.0.2",
      "resolved": "https://registry.npmjs.org/@tvmsdk/lib-node/-/lib-node-2.0.2.tgz",
      "integrity": "sha512-9uCtKX5jTpgAVkGOR1neQzjaK41ASS3QQhyX8S/IPFKWBteAW88NF7fR05w4PyZdKVDNFlG49Ezl23KsB4uagw==",
      "engines": {
        "node": ">=6"
      }
    },
    "node_modules/dotenv": {
      "version": "16.4.5",
      "resolved": "https://registry.npmjs.org/dotenv/-/dotenv-16.4.5.tgz",
      "integrity": "sha512-ZmdL2rui+eB2YwhsWzjInR8LldtZHGDoQ1ugH85ppHKwpUHL7j7rN0Ti9NCnGiQbhaZ11FpR+7ao1dNsmduNUg==",
      "engines": {
        "node": ">=12"
      },
      "funding": {
        "url": "https://dotenvx.com"
      }
    }
  }
}
